
Microsoft Visual Studio Solution File, Format Version 12.00
# Visual Studio 15
VisualStudioVersion = 15.0.28010.2026
MinimumVisualStudioVersion = 10.0.40219.1
Project("{FAE04EC0-301F-11D3-BF4B-00C04F79EFBC}") = "ASPProject", "ASPProject\ASPProject.csproj", "{C4FC98B5-E256-4B05-84C4-A93A0A1FD89D}"
EndProject
Global
	GlobalSection(SolutionConfigurationPlatforms) = preSolution
		Debug|Any CPU = Debug|Any CPU
		Release|Any CPU = Release|Any CPU
	EndGlobalSection
	GlobalSection(ProjectConfigurationPlatforms) = postSolution
		{C4FC98B5-E256-4B05-84C4-A93A0A1FD89D}.Debug|Any CPU.ActiveCfg = Debug|Any CPU
		{C4FC98B5-E256-4B05-84C4-A93A0A1FD89D}.Debug|Any CPU.Build.0 = Debug|Any CPU
		{C4FC98B5-E256-4B05-84C4-A93A0A1FD89D}.Release|Any CPU.ActiveCfg = Release|Any CPU
		{C4FC98B5-E256-4B05-84C4-A93A0A1FD89D}.Release|Any CPU.Build.0 = Release|Any CPU
	EndGlobalSection
	GlobalSection(SolutionProperties) = preSolution
		HideSolutionNode = FALSE
	EndGlobalSection
	GlobalSection(ExtensibilityGlobals) = postSolution
		SolutionGuid = {635DA873-2D17-4667-AC07-B2469E00A671}
	EndGlobalSection
EndGlobal
